
Microsoft Visual Studio Solution File, Format Version 12.00
# Visual Studio 15
VisualStudioVersion = 15.0.27703.2018
MinimumVisualStudioVersion = 10.0.40219.1
Project("{FAE04EC0-301F-11D3-BF4B-00C04F79EFBC}") = "MediaInformer", "MediaInformer\MediaInformer.csproj", "{D75F4DD1-5526-4967-BDD0-0F0AB2E54D6D}"
EndProject
Project("{FAE04EC0-301F-11D3-BF4B-00C04F79EFBC}") = "MediaInformer.ViewModels", "MediaInformer.ViewModels\MediaInformer.ViewModels.csproj", "{069DBD38-589E-4B11-B24A-E5193B5D2F89}"
EndProject
Project("{FAE04EC0-301F-11D3-BF4B-00C04F79EFBC}") = "MediaInformer.Models", "MediaInformer.Models\MediaInformer.Models.csproj", "{E1624432-CF7F-4254-B833-22385FB8FEE4}"
EndProject
Project("{FAE04EC0-301F-11D3-BF4B-00C04F79EFBC}") = "MediaInformer.DI", "MediaInformer.DI\MediaInformer.DI.csproj", "{1A095EE2-9416-493B-84A1-07F139DA0146}"
EndProject
Project("{FAE04EC0-301F-11D3-BF4B-00C04F79EFBC}") = "MediaInformer.Helpers", "MediaInformer.Helpers\MediaInformer.Helpers.csproj", "{0D9B6567-F544-4807-8D5D-5A5E58DB6A0E}"
EndProject
Project("{FAE04EC0-301F-11D3-BF4B-00C04F79EFBC}") = "MediaInformer.DataAccets", "MediaInformer.DataAccets\MediaInformer.DataAccets.csproj", "{D85B1C99-3532-473B-9EC1-458C1953580D}"
EndProject
Project("{FAE04EC0-301F-11D3-BF4B-00C04F79EFBC}") = "MediaInformer.MediaTool", "MediaInformer.MediaTool\MediaInformer.MediaTool.csproj", "{24DF031D-A77B-44B5-8A14-CECFA671A7E3}"
EndProject
Project("{FAE04EC0-301F-11D3-BF4B-00C04F79EFBC}") = "MediaInformer.Storage", "MediaInformer.Storage\MediaInformer.Storage.csproj", "{12D14A3D-6D8B-4C4A-B45B-8854BBFD68DE}"
EndProject
Project("{FAE04EC0-301F-11D3-BF4B-00C04F79EFBC}") = "MediaInformer.Resources", "MediaInformer.Resources\MediaInformer.Resources.csproj", "{EAFFE347-BDDD-4300-B3D3-EEE8CDB3076B}"
EndProject
Global
	GlobalSection(SolutionConfigurationPlatforms) = preSolution
		Debug|Any CPU = Debug|Any CPU
		Debug|ARM = Debug|ARM
		Debug|x64 = Debug|x64
		Debug|x86 = Debug|x86
		Release|Any CPU = Release|Any CPU
		Release|ARM = Release|ARM
		Release|x64 = Release|x64
		Release|x86 = Release|x86
	EndGlobalSection
	GlobalSection(ProjectConfigurationPlatforms) = postSolution
		{D75F4DD1-5526-4967-BDD0-0F0AB2E54D6D}.Debug|Any CPU.ActiveCfg = Debug|x86
		{D75F4DD1-5526-4967-BDD0-0F0AB2E54D6D}.Debug|ARM.ActiveCfg = Debug|ARM
		{D75F4DD1-5526-4967-BDD0-0F0AB2E54D6D}.Debug|ARM.Build.0 = Debug|ARM
		{D75F4DD1-5526-4967-BDD0-0F0AB2E54D6D}.Debug|ARM.Deploy.0 = Debug|ARM
		{D75F4DD1-5526-4967-BDD0-0F0AB2E54D6D}.Debug|x64.ActiveCfg = Debug|x64
		{D75F4DD1-5526-4967-BDD0-0F0AB2E54D6D}.Debug|x64.Build.0 = Debug|x64
		{D75F4DD1-5526-4967-BDD0-0F0AB2E54D6D}.Debug|x64.Deploy.0 = Debug|x64
		{D75F4DD1-5526-4967-BDD0-0F0AB2E54D6D}.Debug|x86.ActiveCfg = Debug|x86
		{D75F4DD1-5526-4967-BDD0-0F0AB2E54D6D}.Debug|x86.Build.0 = Debug|x86
		{D75F4DD1-5526-4967-BDD0-0F0AB2E54D6D}.Debug|x86.Deploy.0 = Debug|x86
		{D75F4DD1-5526-4967-BDD0-0F0AB2E54D6D}.Release|Any CPU.ActiveCfg = Release|x86
		{D75F4DD1-5526-4967-BDD0-0F0AB2E54D6D}.Release|ARM.ActiveCfg = Release|ARM
		{D75F4DD1-5526-4967-BDD0-0F0AB2E54D6D}.Release|ARM.Build.0 = Release|ARM
		{D75F4DD1-5526-4967-BDD0-0F0AB2E54D6D}.Release|ARM.Deploy.0 = Release|ARM
		{D75F4DD1-5526-4967-BDD0-0F0AB2E54D6D}.Release|x64.ActiveCfg = Release|x64
		{D75F4DD1-5526-4967-BDD0-0F0AB2E54D6D}.Release|x64.Build.0 = Release|x64
		{D75F4DD1-5526-4967-BDD0-0F0AB2E54D6D}.Release|x64.Deploy.0 = Release|x64
		{D75F4DD1-5526-4967-BDD0-0F0AB2E54D6D}.Release|x86.ActiveCfg = Release|x86
		{D75F4DD1-5526-4967-BDD0-0F0AB2E54D6D}.Release|x86.Build.0 = Release|x86
		{D75F4DD1-5526-4967-BDD0-0F0AB2E54D6D}.Release|x86.Deploy.0 = Release|x86
		{069DBD38-589E-4B11-B24A-E5193B5D2F89}.Debug|Any CPU.ActiveCfg = Debug|Any CPU
		{069DBD38-589E-4B11-B24A-E5193B5D2F89}.Debug|Any CPU.Build.0 = Debug|Any CPU
		{069DBD38-589E-4B11-B24A-E5193B5D2F89}.Debug|ARM.ActiveCfg = Debug|ARM
		{069DBD38-589E-4B11-B24A-E5193B5D2F89}.Debug|ARM.Build.0 = Debug|ARM
		{069DBD38-589E-4B11-B24A-E5193B5D2F89}.Debug|x64.ActiveCfg = Debug|x64
		{069DBD38-589E-4B11-B24A-E5193B5D2F89}.Debug|x64.Build.0 = Debug|x64
		{069DBD38-589E-4B11-B24A-E5193B5D2F89}.Debug|x86.ActiveCfg = Debug|x86
		{069DBD38-589E-4B11-B24A-E5193B5D2F89}.Debug|x86.Build.0 = Debug|x86
		{069DBD38-589E-4B11-B24A-E5193B5D2F89}.Release|Any CPU.ActiveCfg = Release|Any CPU
		{069DBD38-589E-4B11-B24A-E5193B5D2F89}.Release|Any CPU.Build.0 = Release|Any CPU
		{069DBD38-589E-4B11-B24A-E5193B5D2F89}.Release|ARM.ActiveCfg = Release|ARM
		{069DBD38-589E-4B11-B24A-E5193B5D2F89}.Release|ARM.Build.0 = Release|ARM
		{069DBD38-589E-4B11-B24A-E5193B5D2F89}.Release|x64.ActiveCfg = Release|x64
		{069DBD38-589E-4B11-B24A-E5193B5D2F89}.Release|x64.Build.0 = Release|x64
		{069DBD38-589E-4B11-B24A-E5193B5D2F89}.Release|x86.ActiveCfg = Release|x86
		{069DBD38-589E-4B11-B24A-E5193B5D2F89}.Release|x86.Build.0 = Release|x86
		{E1624432-CF7F-4254-B833-22385FB8FEE4}.Debug|Any CPU.ActiveCfg = Debug|Any CPU
		{E1624432-CF7F-4254-B833-22385FB8FEE4}.Debug|Any CPU.Build.0 = Debug|Any CPU
		{E1624432-CF7F-4254-B833-22385FB8FEE4}.Debug|ARM.ActiveCfg = Debug|ARM
		{E1624432-CF7F-4254-B833-22385FB8FEE4}.Debug|ARM.Build.0 = Debug|ARM
		{E1624432-CF7F-4254-B833-22385FB8FEE4}.Debug|x64.ActiveCfg = Debug|x64
		{E1624432-CF7F-4254-B833-22385FB8FEE4}.Debug|x64.Build.0 = Debug|x64
		{E1624432-CF7F-4254-B833-22385FB8FEE4}.Debug|x86.ActiveCfg = Debug|x86
		{E1624432-CF7F-4254-B833-22385FB8FEE4}.Debug|x86.Build.0 = Debug|x86
		{E1624432-CF7F-4254-B833-22385FB8FEE4}.Release|Any CPU.ActiveCfg = Release|Any CPU
		{E1624432-CF7F-4254-B833-22385FB8FEE4}.Release|Any CPU.Build.0 = Release|Any CPU
		{E1624432-CF7F-4254-B833-22385FB8FEE4}.Release|ARM.ActiveCfg = Release|ARM
		{E1624432-CF7F-4254-B833-22385FB8FEE4}.Release|ARM.Build.0 = Release|ARM
		{E1624432-CF7F-4254-B833-22385FB8FEE4}.Release|x64.ActiveCfg = Release|x64
		{E1624432-CF7F-4254-B833-22385FB8FEE4}.Release|x64.Build.0 = Release|x64
		{E1624432-CF7F-4254-B833-22385FB8FEE4}.Release|x86.ActiveCfg = Release|x86
		{E1624432-CF7F-4254-B833-22385FB8FEE4}.Release|x86.Build.0 = Release|x86
		{1A095EE2-9416-493B-84A1-07F139DA0146}.Debug|Any CPU.ActiveCfg = Debug|Any CPU
		{1A095EE2-9416-493B-84A1-07F139DA0146}.Debug|Any CPU.Build.0 = Debug|Any CPU
		{1A095EE2-9416-493B-84A1-07F139DA0146}.Debug|ARM.ActiveCfg = Debug|ARM
		{1A095EE2-9416-493B-84A1-07F139DA0146}.Debug|ARM.Build.0 = Debug|ARM
		{1A095EE2-9416-493B-84A1-07F139DA0146}.Debug|x64.ActiveCfg = Debug|x64
		{1A095EE2-9416-493B-84A1-07F139DA0146}.Debug|x64.Build.0 = Debug|x64
		{1A095EE2-9416-493B-84A1-07F139DA0146}.Debug|x86.ActiveCfg = Debug|x86
		{1A095EE2-9416-493B-84A1-07F139DA0146}.Debug|x86.Build.0 = Debug|x86
		{1A095EE2-9416-493B-84A1-07F139DA0146}.Release|Any CPU.ActiveCfg = Release|Any CPU
		{1A095EE2-9416-493B-84A1-07F139DA0146}.Release|Any CPU.Build.0 = Release|Any CPU
		{1A095EE2-9416-493B-84A1-07F139DA0146}.Release|ARM.ActiveCfg = Release|ARM
		{1A095EE2-9416-493B-84A1-07F139DA0146}.Release|ARM.Build.0 = Release|ARM
		{1A095EE2-9416-493B-84A1-07F139DA0146}.Release|x64.ActiveCfg = Release|x64
		{1A095EE2-9416-493B-84A1-07F139DA0146}.Release|x64.Build.0 = Release|x64
		{1A095EE2-9416-493B-84A1-07F139DA0146}.Release|x86.ActiveCfg = Release|x86
		{1A095EE2-9416-493B-84A1-07F139DA0146}.Release|x86.Build.0 = Release|x86
		{0D9B6567-F544-4807-8D5D-5A5E58DB6A0E}.Debug|Any CPU.ActiveCfg = Debug|Any CPU
		{0D9B6567-F544-4807-8D5D-5A5E58DB6A0E}.Debug|Any CPU.Build.0 = Debug|Any CPU
		{0D9B6567-F544-4807-8D5D-5A5E58DB6A0E}.Debug|ARM.ActiveCfg = Debug|ARM
		{0D9B6567-F544-4807-8D5D-5A5E58DB6A0E}.Debug|ARM.Build.0 = Debug|ARM
		{0D9B6567-F544-4807-8D5D-5A5E58DB6A0E}.Debug|x64.ActiveCfg = Debug|x64
		{0D9B6567-F544-4807-8D5D-5A5E58DB6A0E}.Debug|x64.Build.0 = Debug|x64
		{0D9B6567-F544-4807-8D5D-5A5E58DB6A0E}.Debug|x86.ActiveCfg = Debug|x86
		{0D9B6567-F544-4807-8D5D-5A5E58DB6A0E}.Debug|x86.Build.0 = Debug|x86
		{0D9B6567-F544-4807-8D5D-5A5E58DB6A0E}.Release|Any CPU.ActiveCfg = Release|Any CPU
		{0D9B6567-F544-4807-8D5D-5A5E58DB6A0E}.Release|Any CPU.Build.0 = Release|Any CPU
		{0D9B6567-F544-4807-8D5D-5A5E58DB6A0E}.Release|ARM.ActiveCfg = Release|ARM
		{0D9B6567-F544-4807-8D5D-5A5E58DB6A0E}.Release|ARM.Build.0 = Release|ARM
		{0D9B6567-F544-4807-8D5D-5A5E58DB6A0E}.Release|x64.ActiveCfg = Release|x64
		{0D9B6567-F544-4807-8D5D-5A5E58DB6A0E}.Release|x64.Build.0 = Release|x64
		{0D9B6567-F544-4807-8D5D-5A5E58DB6A0E}.Release|x86.ActiveCfg = Release|x86
		{0D9B6567-F544-4807-8D5D-5A5E58DB6A0E}.Release|x86.Build.0 = Release|x86
		{D85B1C99-3532-473B-9EC1-458C1953580D}.Debug|Any CPU.ActiveCfg = Debug|Any CPU
		{D85B1C99-3532-473B-9EC1-458C1953580D}.Debug|Any CPU.Build.0 = Debug|Any CPU
		{D85B1C99-3532-473B-9EC1-458C1953580D}.Debug|ARM.ActiveCfg = Debug|ARM
		{D85B1C99-3532-473B-9EC1-458C1953580D}.Debug|ARM.Build.0 = Debug|ARM
		{D85B1C99-3532-473B-9EC1-458C1953580D}.Debug|x64.ActiveCfg = Debug|x64
		{D85B1C99-3532-473B-9EC1-458C1953580D}.Debug|x64.Build.0 = Debug|x64
		{D85B1C99-3532-473B-9EC1-458C1953580D}.Debug|x86.ActiveCfg = Debug|x86
		{D85B1C99-3532-473B-9EC1-458C1953580D}.Debug|x86.Build.0 = Debug|x86
		{D85B1C99-3532-473B-9EC1-458C1953580D}.Release|Any CPU.ActiveCfg = Release|Any CPU
		{D85B1C99-3532-473B-9EC1-458C1953580D}.Release|Any CPU.Build.0 = Release|Any CPU
		{D85B1C99-3532-473B-9EC1-458C1953580D}.Release|ARM.ActiveCfg = Release|ARM
		{D85B1C99-3532-473B-9EC1-458C1953580D}.Release|ARM.Build.0 = Release|ARM
		{D85B1C99-3532-473B-9EC1-458C1953580D}.Release|x64.ActiveCfg = Release|x64
		{D85B1C99-3532-473B-9EC1-458C1953580D}.Release|x64.Build.0 = Release|x64
		{D85B1C99-3532-473B-9EC1-458C1953580D}.Release|x86.ActiveCfg = Release|x86
		{D85B1C99-3532-473B-9EC1-458C1953580D}.Release|x86.Build.0 = Release|x86
		{24DF031D-A77B-44B5-8A14-CECFA671A7E3}.Debug|Any CPU.ActiveCfg = Debug|Any CPU
		{24DF031D-A77B-44B5-8A14-CECFA671A7E3}.Debug|Any CPU.Build.0 = Debug|Any CPU
		{24DF031D-A77B-44B5-8A14-CECFA671A7E3}.Debug|ARM.ActiveCfg = Debug|Any CPU
		{24DF031D-A77B-44B5-8A14-CECFA671A7E3}.Debug|ARM.Build.0 = Debug|Any CPU
		{24DF031D-A77B-44B5-8A14-CECFA671A7E3}.Debug|x64.ActiveCfg = Debug|Any CPU
		{24DF031D-A77B-44B5-8A14-CECFA671A7E3}.Debug|x64.Build.0 = Debug|Any CPU
		{24DF031D-A77B-44B5-8A14-CECFA671A7E3}.Debug|x86.ActiveCfg = Debug|Any CPU
		{24DF031D-A77B-44B5-8A14-CECFA671A7E3}.Debug|x86.Build.0 = Debug|Any CPU
		{24DF031D-A77B-44B5-8A14-CECFA671A7E3}.Release|Any CPU.ActiveCfg = Release|Any CPU
		{24DF031D-A77B-44B5-8A14-CECFA671A7E3}.Release|Any CPU.Build.0 = Release|Any CPU
		{24DF031D-A77B-44B5-8A14-CECFA671A7E3}.Release|ARM.ActiveCfg = Release|Any CPU
		{24DF031D-A77B-44B5-8A14-CECFA671A7E3}.Release|ARM.Build.0 = Release|Any CPU
		{24DF031D-A77B-44B5-8A14-CECFA671A7E3}.Release|x64.ActiveCfg = Release|Any CPU
		{24DF031D-A77B-44B5-8A14-CECFA671A7E3}.Release|x64.Build.0 = Release|Any CPU
		{24DF031D-A77B-44B5-8A14-CECFA671A7E3}.Release|x86.ActiveCfg = Release|Any CPU
		{24DF031D-A77B-44B5-8A14-CECFA671A7E3}.Release|x86.Build.0 = Release|Any CPU
		{12D14A3D-6D8B-4C4A-B45B-8854BBFD68DE}.Debug|Any CPU.ActiveCfg = Debug|Any CPU
		{12D14A3D-6D8B-4C4A-B45B-8854BBFD68DE}.Debug|Any CPU.Build.0 = Debug|Any CPU
		{12D14A3D-6D8B-4C4A-B45B-8854BBFD68DE}.Debug|ARM.ActiveCfg = Debug|ARM
		{12D14A3D-6D8B-4C4A-B45B-8854BBFD68DE}.Debug|ARM.Build.0 = Debug|ARM
		{12D14A3D-6D8B-4C4A-B45B-8854BBFD68DE}.Debug|x64.ActiveCfg = Debug|x64
		{12D14A3D-6D8B-4C4A-B45B-8854BBFD68DE}.Debug|x64.Build.0 = Debug|x64
		{12D14A3D-6D8B-4C4A-B45B-8854BBFD68DE}.Debug|x86.ActiveCfg = Debug|x86
		{12D14A3D-6D8B-4C4A-B45B-8854BBFD68DE}.Debug|x86.Build.0 = Debug|x86
		{12D14A3D-6D8B-4C4A-B45B-8854BBFD68DE}.Release|Any CPU.ActiveCfg = Release|Any CPU
		{12D14A3D-6D8B-4C4A-B45B-8854BBFD68DE}.Release|Any CPU.Build.0 = Release|Any CPU
		{12D14A3D-6D8B-4C4A-B45B-8854BBFD68DE}.Release|ARM.ActiveCfg = Release|ARM
		{12D14A3D-6D8B-4C4A-B45B-8854BBFD68DE}.Release|ARM.Build.0 = Release|ARM
		{12D14A3D-6D8B-4C4A-B45B-8854BBFD68DE}.Release|x64.ActiveCfg = Release|x64
		{12D14A3D-6D8B-4C4A-B45B-8854BBFD68DE}.Release|x64.Build.0 = Release|x64
		{12D14A3D-6D8B-4C4A-B45B-8854BBFD68DE}.Release|x86.ActiveCfg = Release|x86
		{12D14A3D-6D8B-4C4A-B45B-8854BBFD68DE}.Release|x86.Build.0 = Release|x86
		{EAFFE347-BDDD-4300-B3D3-EEE8CDB3076B}.Debug|Any CPU.ActiveCfg = Debug|Any CPU
		{EAFFE347-BDDD-4300-B3D3-EEE8CDB3076B}.Debug|Any CPU.Build.0 = Debug|Any CPU
		{EAFFE347-BDDD-4300-B3D3-EEE8CDB3076B}.Debug|ARM.ActiveCfg = Debug|ARM
		{EAFFE347-BDDD-4300-B3D3-EEE8CDB3076B}.Debug|ARM.Build.0 = Debug|ARM
		{EAFFE347-BDDD-4300-B3D3-EEE8CDB3076B}.Debug|x64.ActiveCfg = Debug|x64
		{EAFFE347-BDDD-4300-B3D3-EEE8CDB3076B}.Debug|x64.Build.0 = Debug|x64
		{EAFFE347-BDDD-4300-B3D3-EEE8CDB3076B}.Debug|x86.ActiveCfg = Debug|x86
		{EAFFE347-BDDD-4300-B3D3-EEE8CDB3076B}.Debug|x86.Build.0 = Debug|x86
		{EAFFE347-BDDD-4300-B3D3-EEE8CDB3076B}.Release|Any CPU.ActiveCfg = Release|Any CPU
		{EAFFE347-BDDD-4300-B3D3-EEE8CDB3076B}.Release|Any CPU.Build.0 = Release|Any CPU
		{EAFFE347-BDDD-4300-B3D3-EEE8CDB3076B}.Release|ARM.ActiveCfg = Release|ARM
		{EAFFE347-BDDD-4300-B3D3-EEE8CDB3076B}.Release|ARM.Build.0 = Release|ARM
		{EAFFE347-BDDD-4300-B3D3-EEE8CDB3076B}.Release|x64.ActiveCfg = Release|x64
		{EAFFE347-BDDD-4300-B3D3-EEE8CDB3076B}.Release|x64.Build.0 = Release|x64
		{EAFFE347-BDDD-4300-B3D3-EEE8CDB3076B}.Release|x86.ActiveCfg = Release|x86
		{EAFFE347-BDDD-4300-B3D3-EEE8CDB3076B}.Release|x86.Build.0 = Release|x86
	EndGlobalSection
	GlobalSection(SolutionProperties) = preSolution
		HideSolutionNode = FALSE
	EndGlobalSection
	GlobalSection(ExtensibilityGlobals) = postSolution
		SolutionGuid = {26402821-17F2-4283-BC8E-616F6B89DE1A}
	EndGlobalSection
EndGlobal
